// !$*UTF8*$!
{
	archiveVersion = 1;
	classes = {
	};
	objectVersion = 50;
	objects = {

/* Begin PBXBuildFile section */
		145E1E0223134D8D004F604B /* FloatingWindowController.swift in Sources */ = {isa = PBXBuildFile; fileRef = 1487692F23134D1300EE23E2 /* FloatingWindowController.swift */; };
		146158C722E425B100F17877 /* ButtonContentView.swift in Sources */ = {isa = PBXBuildFile; fileRef = 146158C622E425B100F17877 /* ButtonContentView.swift */; };
		146158C922E425B600F17877 /* PCViewController.swift in Sources */ = {isa = PBXBuildFile; fileRef = 146158C822E425B600F17877 /* PCViewController.swift */; };
		146158CB22E425BE00F17877 /* ButtonContentView.swift in Sources */ = {isa = PBXBuildFile; fileRef = 146158CA22E425BE00F17877 /* ButtonContentView.swift */; };
		14A7982E22E3D6A30096CC90 /* SpotifyManager.swift in Sources */ = {isa = PBXBuildFile; fileRef = 14EDE23422E3A1BC009ADC16 /* SpotifyManager.swift */; };
		14A7982F22E3D6A70096CC90 /* Configuration.plist in Resources */ = {isa = PBXBuildFile; fileRef = 14EDE23322E3A1BC009ADC16 /* Configuration.plist */; };
		14A7983022E3D6A70096CC90 /* Configuration.swift in Sources */ = {isa = PBXBuildFile; fileRef = 14EDE23522E3A1BC009ADC16 /* Configuration.swift */; };
		14BF572022E6A731002DE95A /* AppDelegate.swift in Sources */ = {isa = PBXBuildFile; fileRef = 14BF571F22E6A731002DE95A /* AppDelegate.swift */; };
		14BF572222E6A731002DE95A /* ContentView.swift in Sources */ = {isa = PBXBuildFile; fileRef = 14BF572122E6A731002DE95A /* ContentView.swift */; };
		14BF572422E6A732002DE95A /* Assets.xcassets in Resources */ = {isa = PBXBuildFile; fileRef = 14BF572322E6A732002DE95A /* Assets.xcassets */; };
		14BF572A22E6A732002DE95A /* Main.storyboard in Resources */ = {isa = PBXBuildFile; fileRef = 14BF572822E6A732002DE95A /* Main.storyboard */; };
		14BF573122E6A754002DE95A /* Configuration.plist in Resources */ = {isa = PBXBuildFile; fileRef = 14EDE23322E3A1BC009ADC16 /* Configuration.plist */; };
		14BF573222E6A754002DE95A /* Configuration.swift in Sources */ = {isa = PBXBuildFile; fileRef = 14EDE23522E3A1BC009ADC16 /* Configuration.swift */; };
		14BF573322E6A754002DE95A /* SpotifyManager.swift in Sources */ = {isa = PBXBuildFile; fileRef = 14EDE23422E3A1BC009ADC16 /* SpotifyManager.swift */; };
		14EDE1F822E39CD8009ADC16 /* AppDelegate.swift in Sources */ = {isa = PBXBuildFile; fileRef = 14EDE1F722E39CD8009ADC16 /* AppDelegate.swift */; };
		14EDE1FA22E39CD8009ADC16 /* ContentView.swift in Sources */ = {isa = PBXBuildFile; fileRef = 14EDE1F922E39CD8009ADC16 /* ContentView.swift */; };
		14EDE1FC22E39CD9009ADC16 /* Assets.xcassets in Resources */ = {isa = PBXBuildFile; fileRef = 14EDE1FB22E39CD9009ADC16 /* Assets.xcassets */; };
		14EDE20222E39CD9009ADC16 /* LaunchScreen.storyboard in Resources */ = {isa = PBXBuildFile; fileRef = 14EDE20022E39CD9009ADC16 /* LaunchScreen.storyboard */; };
		14EDE20722E39CD9009ADC16 /* PlaylistCurator WatchKit App.app in Embed Watch Content */ = {isa = PBXBuildFile; fileRef = 14EDE20622E39CD9009ADC16 /* PlaylistCurator WatchKit App.app */; settings = {ATTRIBUTES = (RemoveHeadersOnCopy, ); }; };
		14EDE20D22E39CD9009ADC16 /* Interface.storyboard in Resources */ = {isa = PBXBuildFile; fileRef = 14EDE20B22E39CD9009ADC16 /* Interface.storyboard */; };
		14EDE20F22E39CD9009ADC16 /* Assets.xcassets in Resources */ = {isa = PBXBuildFile; fileRef = 14EDE20E22E39CD9009ADC16 /* Assets.xcassets */; };
		14EDE21622E39CDA009ADC16 /* PlaylistCurator WatchKit Extension.appex in Embed App Extensions */ = {isa = PBXBuildFile; fileRef = 14EDE21522E39CDA009ADC16 /* PlaylistCurator WatchKit Extension.appex */; settings = {ATTRIBUTES = (RemoveHeadersOnCopy, ); }; };
		14EDE21B22E39CDA009ADC16 /* ContentView.swift in Sources */ = {isa = PBXBuildFile; fileRef = 14EDE21A22E39CDA009ADC16 /* ContentView.swift */; };
		14EDE21D22E39CDA009ADC16 /* HostingController.swift in Sources */ = {isa = PBXBuildFile; fileRef = 14EDE21C22E39CDA009ADC16 /* HostingController.swift */; };
		14EDE21F22E39CDA009ADC16 /* ExtensionDelegate.swift in Sources */ = {isa = PBXBuildFile; fileRef = 14EDE21E22E39CDA009ADC16 /* ExtensionDelegate.swift */; };
		14EDE22122E39CDA009ADC16 /* Assets.xcassets in Resources */ = {isa = PBXBuildFile; fileRef = 14EDE22022E39CDA009ADC16 /* Assets.xcassets */; };
		14EDE23622E3A1BC009ADC16 /* Configuration.plist in Resources */ = {isa = PBXBuildFile; fileRef = 14EDE23322E3A1BC009ADC16 /* Configuration.plist */; };
		14EDE23722E3A1BC009ADC16 /* SpotifyManager.swift in Sources */ = {isa = PBXBuildFile; fileRef = 14EDE23422E3A1BC009ADC16 /* SpotifyManager.swift */; };
		14EDE23822E3A1BC009ADC16 /* Configuration.swift in Sources */ = {isa = PBXBuildFile; fileRef = 14EDE23522E3A1BC009ADC16 /* Configuration.swift */; };
/* End PBXBuildFile section */

/* Begin PBXContainerItemProxy section */
		14EDE20822E39CD9009ADC16 /* PBXContainerItemProxy */ = {
			isa = PBXContainerItemProxy;
			containerPortal = 14EDE1EC22E39CD8009ADC16 /* Project object */;
			proxyType = 1;
			remoteGlobalIDString = 14EDE20522E39CD9009ADC16;
			remoteInfo = "PlaylistCurator WatchKit App";
		};
		14EDE21722E39CDA009ADC16 /* PBXContainerItemProxy */ = {
			isa = PBXContainerItemProxy;
			containerPortal = 14EDE1EC22E39CD8009ADC16 /* Project object */;
			proxyType = 1;
			remoteGlobalIDString = 14EDE21422E39CDA009ADC16;
			remoteInfo = "PlaylistCurator WatchKit Extension";
		};
/* End PBXContainerItemProxy section */

/* Begin PBXCopyFilesBuildPhase section */
		14EDE22B22E39CDA009ADC16 /* Embed App Extensions */ = {
			isa = PBXCopyFilesBuildPhase;
			buildActionMask = 2147483647;
			dstPath = "";
			dstSubfolderSpec = 13;
			files = (
				14EDE21622E39CDA009ADC16 /* PlaylistCurator WatchKit Extension.appex in Embed App Extensions */,
			);
			name = "Embed App Extensions";
			runOnlyForDeploymentPostprocessing = 0;
		};
		14EDE22F22E39CDA009ADC16 /* Embed Watch Content */ = {
			isa = PBXCopyFilesBuildPhase;
			buildActionMask = 2147483647;
			dstPath = "$(CONTENTS_FOLDER_PATH)/Watch";
			dstSubfolderSpec = 16;
			files = (
				14EDE20722E39CD9009ADC16 /* PlaylistCurator WatchKit App.app in Embed Watch Content */,
			);
			name = "Embed Watch Content";
			runOnlyForDeploymentPostprocessing = 0;
		};
/* End PBXCopyFilesBuildPhase section */

/* Begin PBXFileReference section */
		146158C622E425B100F17877 /* ButtonContentView.swift */ = {isa = PBXFileReference; fileEncoding = 4; lastKnownFileType = sourcecode.swift; path = ButtonContentView.swift; sourceTree = "<group>"; };
		146158C822E425B600F17877 /* PCViewController.swift */ = {isa = PBXFileReference; fileEncoding = 4; lastKnownFileType = sourcecode.swift; path = PCViewController.swift; sourceTree = "<group>"; };
		146158CA22E425BE00F17877 /* ButtonContentView.swift */ = {isa = PBXFileReference; fileEncoding = 4; lastKnownFileType = sourcecode.swift; path = ButtonContentView.swift; sourceTree = "<group>"; };
		1487692F23134D1300EE23E2 /* FloatingWindowController.swift */ = {isa = PBXFileReference; fileEncoding = 4; lastKnownFileType = sourcecode.swift; path = FloatingWindowController.swift; sourceTree = "<group>"; };
		14BF571D22E6A731002DE95A /* PlaylistCurator macOS App.app */ = {isa = PBXFileReference; explicitFileType = wrapper.application; includeInIndex = 0; path = "PlaylistCurator macOS App.app"; sourceTree = BUILT_PRODUCTS_DIR; };
		14BF571F22E6A731002DE95A /* AppDelegate.swift */ = {isa = PBXFileReference; lastKnownFileType = sourcecode.swift; path = AppDelegate.swift; sourceTree = "<group>"; };
		14BF572122E6A731002DE95A /* ContentView.swift */ = {isa = PBXFileReference; lastKnownFileType = sourcecode.swift; path = ContentView.swift; sourceTree = "<group>"; };
		14BF572322E6A732002DE95A /* Assets.xcassets */ = {isa = PBXFileReference; lastKnownFileType = folder.assetcatalog; path = Assets.xcassets; sourceTree = "<group>"; };
		14BF572922E6A732002DE95A /* Base */ = {isa = PBXFileReference; lastKnownFileType = file.storyboard; name = Base; path = Base.lproj/Main.storyboard; sourceTree = "<group>"; };
		14BF572B22E6A732002DE95A /* Info.plist */ = {isa = PBXFileReference; lastKnownFileType = text.plist.xml; path = Info.plist; sourceTree = "<group>"; };
		14BF572C22E6A732002DE95A /* PlaylistCurator_macOS_App.entitlements */ = {isa = PBXFileReference; lastKnownFileType = text.plist.entitlements; path = PlaylistCurator_macOS_App.entitlements; sourceTree = "<group>"; };
		14EDE1F422E39CD8009ADC16 /* PlaylistCurator.app */ = {isa = PBXFileReference; explicitFileType = wrapper.application; includeInIndex = 0; path = PlaylistCurator.app; sourceTree = BUILT_PRODUCTS_DIR; };
		14EDE1F722E39CD8009ADC16 /* AppDelegate.swift */ = {isa = PBXFileReference; lastKnownFileType = sourcecode.swift; path = AppDelegate.swift; sourceTree = "<group>"; };
		14EDE1F922E39CD8009ADC16 /* ContentView.swift */ = {isa = PBXFileReference; lastKnownFileType = sourcecode.swift; path = ContentView.swift; sourceTree = "<group>"; };
		14EDE1FB22E39CD9009ADC16 /* Assets.xcassets */ = {isa = PBXFileReference; lastKnownFileType = folder.assetcatalog; path = Assets.xcassets; sourceTree = "<group>"; };
		14EDE20122E39CD9009ADC16 /* Base */ = {isa = PBXFileReference; lastKnownFileType = file.storyboard; name = Base; path = Base.lproj/LaunchScreen.storyboard; sourceTree = "<group>"; };
		14EDE20322E39CD9009ADC16 /* Info.plist */ = {isa = PBXFileReference; lastKnownFileType = text.plist.xml; path = Info.plist; sourceTree = "<group>"; };
		14EDE20622E39CD9009ADC16 /* PlaylistCurator WatchKit App.app */ = {isa = PBXFileReference; explicitFileType = wrapper.application; includeInIndex = 0; path = "PlaylistCurator WatchKit App.app"; sourceTree = BUILT_PRODUCTS_DIR; };
		14EDE20C22E39CD9009ADC16 /* Base */ = {isa = PBXFileReference; lastKnownFileType = file.storyboard; name = Base; path = Base.lproj/Interface.storyboard; sourceTree = "<group>"; };
		14EDE20E22E39CD9009ADC16 /* Assets.xcassets */ = {isa = PBXFileReference; lastKnownFileType = folder.assetcatalog; path = Assets.xcassets; sourceTree = "<group>"; };
		14EDE21022E39CD9009ADC16 /* Info.plist */ = {isa = PBXFileReference; lastKnownFileType = text.plist.xml; path = Info.plist; sourceTree = "<group>"; };
		14EDE21522E39CDA009ADC16 /* PlaylistCurator WatchKit Extension.appex */ = {isa = PBXFileReference; explicitFileType = "wrapper.app-extension"; includeInIndex = 0; path = "PlaylistCurator WatchKit Extension.appex"; sourceTree = BUILT_PRODUCTS_DIR; };
		14EDE21A22E39CDA009ADC16 /* ContentView.swift */ = {isa = PBXFileReference; lastKnownFileType = sourcecode.swift; path = ContentView.swift; sourceTree = "<group>"; };
		14EDE21C22E39CDA009ADC16 /* HostingController.swift */ = {isa = PBXFileReference; lastKnownFileType = sourcecode.swift; path = HostingController.swift; sourceTree = "<group>"; };
		14EDE21E22E39CDA009ADC16 /* ExtensionDelegate.swift */ = {isa = PBXFileReference; lastKnownFileType = sourcecode.swift; path = ExtensionDelegate.swift; sourceTree = "<group>"; };
		14EDE22022E39CDA009ADC16 /* Assets.xcassets */ = {isa = PBXFileReference; lastKnownFileType = folder.assetcatalog; path = Assets.xcassets; sourceTree = "<group>"; };
		14EDE22522E39CDA009ADC16 /* Info.plist */ = {isa = PBXFileReference; lastKnownFileType = text.plist.xml; path = Info.plist; sourceTree = "<group>"; };
		14EDE23322E3A1BC009ADC16 /* Configuration.plist */ = {isa = PBXFileReference; fileEncoding = 4; lastKnownFileType = text.plist.xml; path = Configuration.plist; sourceTree = "<group>"; };
		14EDE23422E3A1BC009ADC16 /* SpotifyManager.swift */ = {isa = PBXFileReference; fileEncoding = 4; lastKnownFileType = sourcecode.swift; path = SpotifyManager.swift; sourceTree = "<group>"; };
		14EDE23522E3A1BC009ADC16 /* Configuration.swift */ = {isa = PBXFileReference; fileEncoding = 4; lastKnownFileType = sourcecode.swift; path = Configuration.swift; sourceTree = "<group>"; };
/* End PBXFileReference section */

/* Begin PBXFrameworksBuildPhase section */
		14BF571A22E6A731002DE95A /* Frameworks */ = {
			isa = PBXFrameworksBuildPhase;
			buildActionMask = 2147483647;
			files = (
			);
			runOnlyForDeploymentPostprocessing = 0;
		};
		14EDE1F122E39CD8009ADC16 /* Frameworks */ = {
			isa = PBXFrameworksBuildPhase;
			buildActionMask = 2147483647;
			files = (
			);
			runOnlyForDeploymentPostprocessing = 0;
		};
		14EDE21222E39CDA009ADC16 /* Frameworks */ = {
			isa = PBXFrameworksBuildPhase;
			buildActionMask = 2147483647;
			files = (
			);
			runOnlyForDeploymentPostprocessing = 0;
		};
/* End PBXFrameworksBuildPhase section */

/* Begin PBXGroup section */
		14BF571E22E6A731002DE95A /* macOS */ = {
			isa = PBXGroup;
			children = (
				14BF571F22E6A731002DE95A /* AppDelegate.swift */,
				14BF572122E6A731002DE95A /* ContentView.swift */,
				1487692F23134D1300EE23E2 /* FloatingWindowController.swift */,
				14BF572322E6A732002DE95A /* Assets.xcassets */,
				14BF572822E6A732002DE95A /* Main.storyboard */,
				14BF572B22E6A732002DE95A /* Info.plist */,
				14BF572C22E6A732002DE95A /* PlaylistCurator_macOS_App.entitlements */,
			);
			path = macOS;
			sourceTree = "<group>";
		};
		14BF573022E6A73F002DE95A /* Shared */ = {
			isa = PBXGroup;
			children = (
				14EDE23322E3A1BC009ADC16 /* Configuration.plist */,
				14EDE23522E3A1BC009ADC16 /* Configuration.swift */,
				14EDE23422E3A1BC009ADC16 /* SpotifyManager.swift */,
			);
			path = Shared;
			sourceTree = "<group>";
		};
		14EDE1EB22E39CD8009ADC16 = {
			isa = PBXGroup;
			children = (
				14BF573022E6A73F002DE95A /* Shared */,
				14EDE1F622E39CD8009ADC16 /* iOS */,
				14EDE20A22E39CD9009ADC16 /* WatchKit App */,
				14EDE21922E39CDA009ADC16 /* WatchKit Extension */,
				14BF571E22E6A731002DE95A /* macOS */,
				14EDE1F522E39CD8009ADC16 /* Products */,
			);
			sourceTree = "<group>";
		};
		14EDE1F522E39CD8009ADC16 /* Products */ = {
			isa = PBXGroup;
			children = (
				14EDE1F422E39CD8009ADC16 /* PlaylistCurator.app */,
				14EDE20622E39CD9009ADC16 /* PlaylistCurator WatchKit App.app */,
				14EDE21522E39CDA009ADC16 /* PlaylistCurator WatchKit Extension.appex */,
				14BF571D22E6A731002DE95A /* PlaylistCurator macOS App.app */,
			);
			name = Products;
			sourceTree = "<group>";
		};
		14EDE1F622E39CD8009ADC16 /* iOS */ = {
			isa = PBXGroup;
			children = (
				14EDE1F722E39CD8009ADC16 /* AppDelegate.swift */,
				146158C822E425B600F17877 /* PCViewController.swift */,
				146158C622E425B100F17877 /* ButtonContentView.swift */,
				14EDE1F922E39CD8009ADC16 /* ContentView.swift */,
				14EDE1FB22E39CD9009ADC16 /* Assets.xcassets */,
				14EDE20022E39CD9009ADC16 /* LaunchScreen.storyboard */,
				14EDE20322E39CD9009ADC16 /* Info.plist */,
			);
			path = iOS;
			sourceTree = "<group>";
		};
		14EDE20A22E39CD9009ADC16 /* WatchKit App */ = {
			isa = PBXGroup;
			children = (
				14EDE20B22E39CD9009ADC16 /* Interface.storyboard */,
				14EDE20E22E39CD9009ADC16 /* Assets.xcassets */,
				14EDE21022E39CD9009ADC16 /* Info.plist */,
			);
			path = "WatchKit App";
			sourceTree = "<group>";
		};
		14EDE21922E39CDA009ADC16 /* WatchKit Extension */ = {
			isa = PBXGroup;
			children = (
				146158CA22E425BE00F17877 /* ButtonContentView.swift */,
				14EDE21A22E39CDA009ADC16 /* ContentView.swift */,
				14EDE21C22E39CDA009ADC16 /* HostingController.swift */,
				14EDE21E22E39CDA009ADC16 /* ExtensionDelegate.swift */,
				14EDE22022E39CDA009ADC16 /* Assets.xcassets */,
				14EDE22522E39CDA009ADC16 /* Info.plist */,
			);
			path = "WatchKit Extension";
			sourceTree = "<group>";
		};
/* End PBXGroup section */

/* Begin PBXNativeTarget section */
		14BF571C22E6A731002DE95A /* PlaylistCurator macOS App */ = {
			isa = PBXNativeTarget;
			buildConfigurationList = 14BF572F22E6A732002DE95A /* Build configuration list for PBXNativeTarget "PlaylistCurator macOS App" */;
			buildPhases = (
				14BF571922E6A731002DE95A /* Sources */,
				14BF571A22E6A731002DE95A /* Frameworks */,
				14BF571B22E6A731002DE95A /* Resources */,
			);
			buildRules = (
			);
			dependencies = (
			);
			name = "PlaylistCurator macOS App";
			productName = "PlaylistCurator macOS App";
			productReference = 14BF571D22E6A731002DE95A /* PlaylistCurator macOS App.app */;
			productType = "com.apple.product-type.application";
		};
		14EDE1F322E39CD8009ADC16 /* PlaylistCurator */ = {
			isa = PBXNativeTarget;
			buildConfigurationList = 14EDE23022E39CDA009ADC16 /* Build configuration list for PBXNativeTarget "PlaylistCurator" */;
			buildPhases = (
				14EDE1F022E39CD8009ADC16 /* Sources */,
				14EDE1F122E39CD8009ADC16 /* Frameworks */,
				14EDE1F222E39CD8009ADC16 /* Resources */,
				14EDE22F22E39CDA009ADC16 /* Embed Watch Content */,
			);
			buildRules = (
			);
			dependencies = (
				14EDE20922E39CD9009ADC16 /* PBXTargetDependency */,
			);
			name = PlaylistCurator;
			productName = PlaylistCurator;
			productReference = 14EDE1F422E39CD8009ADC16 /* PlaylistCurator.app */;
			productType = "com.apple.product-type.application";
		};
		14EDE20522E39CD9009ADC16 /* PlaylistCurator WatchKit App */ = {
			isa = PBXNativeTarget;
			buildConfigurationList = 14EDE22C22E39CDA009ADC16 /* Build configuration list for PBXNativeTarget "PlaylistCurator WatchKit App" */;
			buildPhases = (
				14EDE20422E39CD9009ADC16 /* Resources */,
				14EDE22B22E39CDA009ADC16 /* Embed App Extensions */,
			);
			buildRules = (
			);
			dependencies = (
				14EDE21822E39CDA009ADC16 /* PBXTargetDependency */,
			);
			name = "PlaylistCurator WatchKit App";
			productName = "PlaylistCurator WatchKit App";
			productReference = 14EDE20622E39CD9009ADC16 /* PlaylistCurator WatchKit App.app */;
			productType = "com.apple.product-type.application.watchapp2";
		};
		14EDE21422E39CDA009ADC16 /* PlaylistCurator WatchKit Extension */ = {
			isa = PBXNativeTarget;
			buildConfigurationList = 14EDE22822E39CDA009ADC16 /* Build configuration list for PBXNativeTarget "PlaylistCurator WatchKit Extension" */;
			buildPhases = (
				14EDE21122E39CDA009ADC16 /* Sources */,
				14EDE21222E39CDA009ADC16 /* Frameworks */,
				14EDE21322E39CDA009ADC16 /* Resources */,
			);
			buildRules = (
			);
			dependencies = (
			);
			name = "PlaylistCurator WatchKit Extension";
			productName = "PlaylistCurator WatchKit Extension";
			productReference = 14EDE21522E39CDA009ADC16 /* PlaylistCurator WatchKit Extension.appex */;
			productType = "com.apple.product-type.watchkit2-extension";
		};
/* End PBXNativeTarget section */

/* Begin PBXProject section */
		14EDE1EC22E39CD8009ADC16 /* Project object */ = {
			isa = PBXProject;
			attributes = {
				LastSwiftUpdateCheck = 1100;
				LastUpgradeCheck = 1150;
				ORGANIZATIONNAME = "Andrew Finke";
				TargetAttributes = {
					14BF571C22E6A731002DE95A = {
						CreatedOnToolsVersion = 11.0;
					};
					14EDE1F322E39CD8009ADC16 = {
						CreatedOnToolsVersion = 11.0;
					};
					14EDE20522E39CD9009ADC16 = {
						CreatedOnToolsVersion = 11.0;
					};
					14EDE21422E39CDA009ADC16 = {
						CreatedOnToolsVersion = 11.0;
					};
				};
			};
			buildConfigurationList = 14EDE1EF22E39CD8009ADC16 /* Build configuration list for PBXProject "PlaylistCurator" */;
			compatibilityVersion = "Xcode 9.3";
			developmentRegion = en;
			hasScannedForEncodings = 0;
			knownRegions = (
				en,
				Base,
			);
			mainGroup = 14EDE1EB22E39CD8009ADC16;
			productRefGroup = 14EDE1F522E39CD8009ADC16 /* Products */;
			projectDirPath = "";
			projectRoot = "";
			targets = (
				14EDE1F322E39CD8009ADC16 /* PlaylistCurator */,
				14EDE20522E39CD9009ADC16 /* PlaylistCurator WatchKit App */,
				14EDE21422E39CDA009ADC16 /* PlaylistCurator WatchKit Extension */,
				14BF571C22E6A731002DE95A /* PlaylistCurator macOS App */,
			);
		};
/* End PBXProject section */

/* Begin PBXResourcesBuildPhase section */
		14BF571B22E6A731002DE95A /* Resources */ = {
			isa = PBXResourcesBuildPhase;
			buildActionMask = 2147483647;
			files = (
				14BF572A22E6A732002DE95A /* Main.storyboard in Resources */,
				14BF573122E6A754002DE95A /* Configuration.plist in Resources */,
				14BF572422E6A732002DE95A /* Assets.xcassets in Resources */,
			);
			runOnlyForDeploymentPostprocessing = 0;
		};
		14EDE1F222E39CD8009ADC16 /* Resources */ = {
			isa = PBXResourcesBuildPhase;
			buildActionMask = 2147483647;
			files = (
				14EDE20222E39CD9009ADC16 /* LaunchScreen.storyboard in Resources */,
				14EDE23622E3A1BC009ADC16 /* Configuration.plist in Resources */,
				14EDE1FC22E39CD9009ADC16 /* Assets.xcassets in Resources */,
			);
			runOnlyForDeploymentPostprocessing = 0;
		};
		14EDE20422E39CD9009ADC16 /* Resources */ = {
			isa = PBXResourcesBuildPhase;
			buildActionMask = 2147483647;
			files = (
				14EDE20F22E39CD9009ADC16 /* Assets.xcassets in Resources */,
				14EDE20D22E39CD9009ADC16 /* Interface.storyboard in Resources */,
			);
			runOnlyForDeploymentPostprocessing = 0;
		};
		14EDE21322E39CDA009ADC16 /* Resources */ = {
			isa = PBXResourcesBuildPhase;
			buildActionMask = 2147483647;
			files = (
				14A7982F22E3D6A70096CC90 /* Configuration.plist in Resources */,
				14EDE22122E39CDA009ADC16 /* Assets.xcassets in Resources */,
			);
			runOnlyForDeploymentPostprocessing = 0;
		};
/* End PBXResourcesBuildPhase section */

/* Begin PBXSourcesBuildPhase section */
		14BF571922E6A731002DE95A /* Sources */ = {
			isa = PBXSourcesBuildPhase;
			buildActionMask = 2147483647;
			files = (
				14BF573322E6A754002DE95A /* SpotifyManager.swift in Sources */,
				14BF573222E6A754002DE95A /* Configuration.swift in Sources */,
				145E1E0223134D8D004F604B /* FloatingWindowController.swift in Sources */,
				14BF572222E6A731002DE95A /* ContentView.swift in Sources */,
				14BF572022E6A731002DE95A /* AppDelegate.swift in Sources */,
			);
			runOnlyForDeploymentPostprocessing = 0;
		};
		14EDE1F022E39CD8009ADC16 /* Sources */ = {
			isa = PBXSourcesBuildPhase;
			buildActionMask = 2147483647;
			files = (
				14EDE23722E3A1BC009ADC16 /* SpotifyManager.swift in Sources */,
				14EDE1FA22E39CD8009ADC16 /* ContentView.swift in Sources */,
				14EDE23822E3A1BC009ADC16 /* Configuration.swift in Sources */,
				146158C722E425B100F17877 /* ButtonContentView.swift in Sources */,
				14EDE1F822E39CD8009ADC16 /* AppDelegate.swift in Sources */,
				146158C922E425B600F17877 /* PCViewController.swift in Sources */,
			);
			runOnlyForDeploymentPostprocessing = 0;
		};
		14EDE21122E39CDA009ADC16 /* Sources */ = {
			isa = PBXSourcesBuildPhase;
			buildActionMask = 2147483647;
			files = (
				14A7982E22E3D6A30096CC90 /* SpotifyManager.swift in Sources */,
				14A7983022E3D6A70096CC90 /* Configuration.swift in Sources */,
				146158CB22E425BE00F17877 /* ButtonContentView.swift in Sources */,
				14EDE21D22E39CDA009ADC16 /* HostingController.swift in Sources */,
				14EDE21B22E39CDA009ADC16 /* ContentView.swift in Sources */,
				14EDE21F22E39CDA009ADC16 /* ExtensionDelegate.swift in Sources */,
			);
			runOnlyForDeploymentPostprocessing = 0;
		};
/* End PBXSourcesBuildPhase section */

/* Begin PBXTargetDependency section */
		14EDE20922E39CD9009ADC16 /* PBXTargetDependency */ = {
			isa = PBXTargetDependency;
			target = 14EDE20522E39CD9009ADC16 /* PlaylistCurator WatchKit App */;
			targetProxy = 14EDE20822E39CD9009ADC16 /* PBXContainerItemProxy */;
		};
		14EDE21822E39CDA009ADC16 /* PBXTargetDependency */ = {
			isa = PBXTargetDependency;
			target = 14EDE21422E39CDA009ADC16 /* PlaylistCurator WatchKit Extension */;
			targetProxy = 14EDE21722E39CDA009ADC16 /* PBXContainerItemProxy */;
		};
/* End PBXTargetDependency section */

/* Begin PBXVariantGroup section */
		14BF572822E6A732002DE95A /* Main.storyboard */ = {
			isa = PBXVariantGroup;
			children = (
				14BF572922E6A732002DE95A /* Base */,
			);
			name = Main.storyboard;
			sourceTree = "<group>";
		};
		14EDE20022E39CD9009ADC16 /* LaunchScreen.storyboard */ = {
			isa = PBXVariantGroup;
			children = (
				14EDE20122E39CD9009ADC16 /* Base */,
			);
			name = LaunchScreen.storyboard;
			sourceTree = "<group>";
		};
		14EDE20B22E39CD9009ADC16 /* Interface.storyboard */ = {
			isa = PBXVariantGroup;
			children = (
				14EDE20C22E39CD9009ADC16 /* Base */,
			);
			name = Interface.storyboard;
			sourceTree = "<group>";
		};
/* End PBXVariantGroup section */

/* Begin XCBuildConfiguration section */
		14BF572D22E6A732002DE95A /* Debug */ = {
			isa = XCBuildConfiguration;
			buildSettings = {
				ASSETCATALOG_COMPILER_APPICON_NAME = AppIcon;
				CODE_SIGN_ENTITLEMENTS = macOS/PlaylistCurator_macOS_App.entitlements;
				CODE_SIGN_IDENTITY = "-";
				CODE_SIGN_STYLE = Automatic;
				COMBINE_HIDPI_IMAGES = YES;
				DEVELOPMENT_TEAM = 72S993BNAV;
				ENABLE_HARDENED_RUNTIME = NO;
				ENABLE_PREVIEWS = YES;
				INFOPLIST_FILE = macOS/Info.plist;
				LD_RUNPATH_SEARCH_PATHS = (
					"$(inherited)",
					"@executable_path/../Frameworks",
				);
				MACOSX_DEPLOYMENT_TARGET = 10.15;
				PRODUCT_BUNDLE_IDENTIFIER = com.andrewfinke.PlaylistCurator;
				PRODUCT_NAME = "$(TARGET_NAME)";
				SDKROOT = macosx;
				SWIFT_VERSION = 5.0;
			};
			name = Debug;
		};
		14BF572E22E6A732002DE95A /* Release */ = {
			isa = XCBuildConfiguration;
			buildSettings = {
				ASSETCATALOG_COMPILER_APPICON_NAME = AppIcon;
				CODE_SIGN_ENTITLEMENTS = macOS/PlaylistCurator_macOS_App.entitlements;
				CODE_SIGN_IDENTITY = "-";
				CODE_SIGN_STYLE = Automatic;
				COMBINE_HIDPI_IMAGES = YES;
				DEVELOPMENT_TEAM = 72S993BNAV;
				ENABLE_HARDENED_RUNTIME = NO;
				ENABLE_PREVIEWS = YES;
				INFOPLIST_FILE = macOS/Info.plist;
				LD_RUNPATH_SEARCH_PATHS = (
					"$(inherited)",
					"@executable_path/../Frameworks",
				);
				MACOSX_DEPLOYMENT_TARGET = 10.15;
				PRODUCT_BUNDLE_IDENTIFIER = com.andrewfinke.PlaylistCurator;
				PRODUCT_NAME = "$(TARGET_NAME)";
				SDKROOT = macosx;
				SWIFT_VERSION = 5.0;
			};
			name = Release;
		};
		14EDE22622E39CDA009ADC16 /* Debug */ = {
			isa = XCBuildConfiguration;
			buildSettings = {
				ALWAYS_SEARCH_USER_PATHS = NO;
				CLANG_ANALYZER_NONNULL = YES;
				CLANG_ANALYZER_NUMBER_OBJECT_CONVERSION = YES_AGGRESSIVE;
				CLANG_CXX_LANGUAGE_STANDARD = "gnu++14";
				CLANG_CXX_LIBRARY = "libc++";
				CLANG_ENABLE_MODULES = YES;
				CLANG_ENABLE_OBJC_ARC = YES;
				CLANG_ENABLE_OBJC_WEAK = YES;
				CLANG_WARN_BLOCK_CAPTURE_AUTORELEASING = YES;
				CLANG_WARN_BOOL_CONVERSION = YES;
				CLANG_WARN_COMMA = YES;
				CLANG_WARN_CONSTANT_CONVERSION = YES;
				CLANG_WARN_DEPRECATED_OBJC_IMPLEMENTATIONS = YES;
				CLANG_WARN_DIRECT_OBJC_ISA_USAGE = YES_ERROR;
				CLANG_WARN_DOCUMENTATION_COMMENTS = YES;
				CLANG_WARN_EMPTY_BODY = YES;
				CLANG_WARN_ENUM_CONVERSION = YES;
				CLANG_WARN_INFINITE_RECURSION = YES;
				CLANG_WARN_INT_CONVERSION = YES;
				CLANG_WARN_NON_LITERAL_NULL_CONVERSION = YES;
				CLANG_WARN_OBJC_IMPLICIT_RETAIN_SELF = YES;
				CLANG_WARN_OBJC_LITERAL_CONVERSION = YES;
				CLANG_WARN_OBJC_ROOT_CLASS = YES_ERROR;
				CLANG_WARN_RANGE_LOOP_ANALYSIS = YES;
				CLANG_WARN_STRICT_PROTOTYPES = YES;
				CLANG_WARN_SUSPICIOUS_MOVE = YES;
				CLANG_WARN_UNGUARDED_AVAILABILITY = YES_AGGRESSIVE;
				CLANG_WARN_UNREACHABLE_CODE = YES;
				CLANG_WARN__DUPLICATE_METHOD_MATCH = YES;
				COPY_PHASE_STRIP = NO;
				DEBUG_INFORMATION_FORMAT = dwarf;
				ENABLE_STRICT_OBJC_MSGSEND = YES;
				ENABLE_TESTABILITY = YES;
				GCC_C_LANGUAGE_STANDARD = gnu11;
				GCC_DYNAMIC_NO_PIC = NO;
				GCC_NO_COMMON_BLOCKS = YES;
				GCC_OPTIMIZATION_LEVEL = 0;
				GCC_PREPROCESSOR_DEFINITIONS = (
					"DEBUG=1",
					"$(inherited)",
				);
				GCC_WARN_64_TO_32_BIT_CONVERSION = YES;
				GCC_WARN_ABOUT_RETURN_TYPE = YES_ERROR;
				GCC_WARN_UNDECLARED_SELECTOR = YES;
				GCC_WARN_UNINITIALIZED_AUTOS = YES_AGGRESSIVE;
				GCC_WARN_UNUSED_FUNCTION = YES;
				GCC_WARN_UNUSED_VARIABLE = YES;
				IPHONEOS_DEPLOYMENT_TARGET = 13.0;
				MTL_ENABLE_DEBUG_INFO = INCLUDE_SOURCE;
				MTL_FAST_MATH = YES;
				ONLY_ACTIVE_ARCH = YES;
				SDKROOT = iphoneos;
				SWIFT_ACTIVE_COMPILATION_CONDITIONS = DEBUG;
				SWIFT_OPTIMIZATION_LEVEL = "-Onone";
			};
			name = Debug;
		};
		14EDE22722E39CDA009ADC16 /* Release */ = {
			isa = XCBuildConfiguration;
			buildSettings = {
				ALWAYS_SEARCH_USER_PATHS = NO;
				CLANG_ANALYZER_NONNULL = YES;
				CLANG_ANALYZER_NUMBER_OBJECT_CONVERSION = YES_AGGRESSIVE;
				CLANG_CXX_LANGUAGE_STANDARD = "gnu++14";
				CLANG_CXX_LIBRARY = "libc++";
				CLANG_ENABLE_MODULES = YES;
				CLANG_ENABLE_OBJC_ARC = YES;
				CLANG_ENABLE_OBJC_WEAK = YES;
				CLANG_WARN_BLOCK_CAPTURE_AUTORELEASING = YES;
				CLANG_WARN_BOOL_CONVERSION = YES;
				CLANG_WARN_COMMA = YES;
				CLANG_WARN_CONSTANT_CONVERSION = YES;
				CLANG_WARN_DEPRECATED_OBJC_IMPLEMENTATIONS = YES;
				CLANG_WARN_DIRECT_OBJC_ISA_USAGE = YES_ERROR;
				CLANG_WARN_DOCUMENTATION_COMMENTS = YES;
				CLANG_WARN_EMPTY_BODY = YES;
				CLANG_WARN_ENUM_CONVERSION = YES;
				CLANG_WARN_INFINITE_RECURSION = YES;
				CLANG_WARN_INT_CONVERSION = YES;
				CLANG_WARN_NON_LITERAL_NULL_CONVERSION = YES;
				CLANG_WARN_OBJC_IMPLICIT_RETAIN_SELF = YES;
				CLANG_WARN_OBJC_LITERAL_CONVERSION = YES;
				CLANG_WARN_OBJC_ROOT_CLASS = YES_ERROR;
				CLANG_WARN_RANGE_LOOP_ANALYSIS = YES;
				CLANG_WARN_STRICT_PROTOTYPES = YES;
				CLANG_WARN_SUSPICIOUS_MOVE = YES;
				CLANG_WARN_UNGUARDED_AVAILABILITY = YES_AGGRESSIVE;
				CLANG_WARN_UNREACHABLE_CODE = YES;
				CLANG_WARN__DUPLICATE_METHOD_MATCH = YES;
				COPY_PHASE_STRIP = NO;
				DEBUG_INFORMATION_FORMAT = "dwarf-with-dsym";
				ENABLE_NS_ASSERTIONS = NO;
				ENABLE_STRICT_OBJC_MSGSEND = YES;
				GCC_C_LANGUAGE_STANDARD = gnu11;
				GCC_NO_COMMON_BLOCKS = YES;
				GCC_WARN_64_TO_32_BIT_CONVERSION = YES;
				GCC_WARN_ABOUT_RETURN_TYPE = YES_ERROR;
				GCC_WARN_UNDECLARED_SELECTOR = YES;
				GCC_WARN_UNINITIALIZED_AUTOS = YES_AGGRESSIVE;
				GCC_WARN_UNUSED_FUNCTION = YES;
				GCC_WARN_UNUSED_VARIABLE = YES;
				IPHONEOS_DEPLOYMENT_TARGET = 13.0;
				MTL_ENABLE_DEBUG_INFO = NO;
				MTL_FAST_MATH = YES;
				SDKROOT = iphoneos;
				SWIFT_COMPILATION_MODE = wholemodule;
				SWIFT_OPTIMIZATION_LEVEL = "-O";
				VALIDATE_PRODUCT = YES;
			};
			name = Release;
		};
		14EDE22922E39CDA009ADC16 /* Debug */ = {
			isa = XCBuildConfiguration;
			buildSettings = {
				ASSETCATALOG_COMPILER_COMPLICATION_NAME = Complication;
				CODE_SIGN_STYLE = Automatic;
				DEVELOPMENT_TEAM = 72S993BNAV;
				ENABLE_PREVIEWS = YES;
				INFOPLIST_FILE = "WatchKit Extension/Info.plist";
				LD_RUNPATH_SEARCH_PATHS = (
					"$(inherited)",
					"@executable_path/Frameworks",
					"@executable_path/../../Frameworks",
				);
				PRODUCT_BUNDLE_IDENTIFIER = com.andrewfinke.PlaylistCurator.watchkitapp.watchkitextension;
				PRODUCT_NAME = "${TARGET_NAME}";
				SDKROOT = watchos;
				SKIP_INSTALL = YES;
				SWIFT_VERSION = 5.0;
				TARGETED_DEVICE_FAMILY = 4;
				WATCHOS_DEPLOYMENT_TARGET = 6.0;
			};
			name = Debug;
		};
		14EDE22A22E39CDA009ADC16 /* Release */ = {
			isa = XCBuildConfiguration;
			buildSettings = {
				ASSETCATALOG_COMPILER_COMPLICATION_NAME = Complication;
				CODE_SIGN_STYLE = Automatic;
				DEVELOPMENT_TEAM = 72S993BNAV;
				ENABLE_PREVIEWS = YES;
				INFOPLIST_FILE = "WatchKit Extension/Info.plist";
				LD_RUNPATH_SEARCH_PATHS = (
					"$(inherited)",
					"@executable_path/Frameworks",
					"@executable_path/../../Frameworks",
				);
				PRODUCT_BUNDLE_IDENTIFIER = com.andrewfinke.PlaylistCurator.watchkitapp.watchkitextension;
				PRODUCT_NAME = "${TARGET_NAME}";
				SDKROOT = watchos;
				SKIP_INSTALL = YES;
				SWIFT_VERSION = 5.0;
				TARGETED_DEVICE_FAMILY = 4;
				WATCHOS_DEPLOYMENT_TARGET = 6.0;
			};
			name = Release;
		};
		14EDE22D22E39CDA009ADC16 /* Debug */ = {
			isa = XCBuildConfiguration;
			buildSettings = {
				ALWAYS_EMBED_SWIFT_STANDARD_LIBRARIES = YES;
				ASSETCATALOG_COMPILER_APPICON_NAME = AppIcon;
				CODE_SIGN_STYLE = Automatic;
				DEVELOPMENT_TEAM = 72S993BNAV;
				IBSC_MODULE = PlaylistCurator_WatchKit_Extension;
				INFOPLIST_FILE = "WatchKit App/Info.plist";
				PRODUCT_BUNDLE_IDENTIFIER = com.andrewfinke.PlaylistCurator.watchkitapp;
				PRODUCT_NAME = "$(TARGET_NAME)";
				SDKROOT = watchos;
				SKIP_INSTALL = YES;
				SWIFT_VERSION = 5.0;
				TARGETED_DEVICE_FAMILY = 4;
				WATCHOS_DEPLOYMENT_TARGET = 6.0;
			};
			name = Debug;
		};
		14EDE22E22E39CDA009ADC16 /* Release */ = {
			isa = XCBuildConfiguration;
			buildSettings = {
				ALWAYS_EMBED_SWIFT_STANDARD_LIBRARIES = YES;
				ASSETCATALOG_COMPILER_APPICON_NAME = AppIcon;
				CODE_SIGN_STYLE = Automatic;
				DEVELOPMENT_TEAM = 72S993BNAV;
				IBSC_MODULE = PlaylistCurator_WatchKit_Extension;
				INFOPLIST_FILE = "WatchKit App/Info.plist";
				PRODUCT_BUNDLE_IDENTIFIER = com.andrewfinke.PlaylistCurator.watchkitapp;
				PRODUCT_NAME = "$(TARGET_NAME)";
				SDKROOT = watchos;
				SKIP_INSTALL = YES;
				SWIFT_VERSION = 5.0;
				TARGETED_DEVICE_FAMILY = 4;
				WATCHOS_DEPLOYMENT_TARGET = 6.0;
			};
			name = Release;
		};
		14EDE23122E39CDA009ADC16 /* Debug */ = {
			isa = XCBuildConfiguration;
			buildSettings = {
				ASSETCATALOG_COMPILER_APPICON_NAME = AppIcon;
				CODE_SIGN_STYLE = Automatic;
				DEVELOPMENT_TEAM = 72S993BNAV;
				ENABLE_PREVIEWS = YES;
				INFOPLIST_FILE = iOS/Info.plist;
				LD_RUNPATH_SEARCH_PATHS = (
					"$(inherited)",
					"@executable_path/Frameworks",
				);
				PRODUCT_BUNDLE_IDENTIFIER = com.andrewfinke.PlaylistCurator;
				PRODUCT_NAME = "$(TARGET_NAME)";
				SWIFT_VERSION = 5.0;
				TARGETED_DEVICE_FAMILY = "1,2";
			};
			name = Debug;
		};
		14EDE23222E39CDA009ADC16 /* Release */ = {
			isa = XCBuildConfiguration;
			buildSettings = {
				ASSETCATALOG_COMPILER_APPICON_NAME = AppIcon;
				CODE_SIGN_STYLE = Automatic;
				DEVELOPMENT_TEAM = 72S993BNAV;
				ENABLE_PREVIEWS = YES;
				INFOPLIST_FILE = iOS/Info.plist;
				LD_RUNPATH_SEARCH_PATHS = (
					"$(inherited)",
					"@executable_path/Frameworks",
				);
				PRODUCT_BUNDLE_IDENTIFIER = com.andrewfinke.PlaylistCurator;
				PRODUCT_NAME = "$(TARGET_NAME)";
				SWIFT_VERSION = 5.0;
				TARGETED_DEVICE_FAMILY = "1,2";
			};
			name = Release;
		};
/* End XCBuildConfiguration section */

/* Begin XCConfigurationList section */
		14BF572F22E6A732002DE95A /* Build configuration list for PBXNativeTarget "PlaylistCurator macOS App" */ = {
			isa = XCConfigurationList;
			buildConfigurations = (
				14BF572D22E6A732002DE95A /* Debug */,
				14BF572E22E6A732002DE95A /* Release */,
			);
			defaultConfigurationIsVisible = 0;
			defaultConfigurationName = Release;
		};
		14EDE1EF22E39CD8009ADC16 /* Build configuration list for PBXProject "PlaylistCurator" */ = {
			isa = XCConfigurationList;
			buildConfigurations = (
				14EDE22622E39CDA009ADC16 /* Debug */,
				14EDE22722E39CDA009ADC16 /* Release */,
			);
			defaultConfigurationIsVisible = 0;
			defaultConfigurationName = Release;
		};
		14EDE22822E39CDA009ADC16 /* Build configuration list for PBXNativeTarget "PlaylistCurator WatchKit Extension" */ = {
			isa = XCConfigurationList;
			buildConfigurations = (
				14EDE22922E39CDA009ADC16 /* Debug */,
				14EDE22A22E39CDA009ADC16 /* Release */,
			);
			defaultConfigurationIsVisible = 0;
			defaultConfigurationName = Release;
		};
		14EDE22C22E39CDA009ADC16 /* Build configuration list for PBXNativeTarget "PlaylistCurator WatchKit App" */ = {
			isa = XCConfigurationList;
			buildConfigurations = (
				14EDE22D22E39CDA009ADC16 /* Debug */,
				14EDE22E22E39CDA009ADC16 /* Release */,
			);
			defaultConfigurationIsVisible = 0;
			defaultConfigurationName = Release;
		};
		14EDE23022E39CDA009ADC16 /* Build configuration list for PBXNativeTarget "PlaylistCurator" */ = {
			isa = XCConfigurationList;
			buildConfigurations = (
				14EDE23122E39CDA009ADC16 /* Debug */,
				14EDE23222E39CDA009ADC16 /* Release */,
			);
			defaultConfigurationIsVisible = 0;
			defaultConfigurationName = Release;
		};
/* End XCConfigurationList section */
	};
	rootObject = 14EDE1EC22E39CD8009ADC16 /* Project object */;
}
